
Microsoft Visual Studio Solution File, Format Version 12.00
Project("{FAE04EC0-301F-11D3-BF4B-00C04F79EFBC}") = "Enum", "Enum.csproj", "{8EB80A84-F06A-442F-AF12-F7067F75CE87}"
EndProject
Global
	GlobalSection(SolutionConfigurationPlatforms) = preSolution
		Debug|Any CPU = Debug|Any CPU
		Release|Any CPU = Release|Any CPU
	EndGlobalSection
	GlobalSection(ProjectConfigurationPlatforms) = postSolution
		{8EB80A84-F06A-442F-AF12-F7067F75CE87}.Debug|Any CPU.ActiveCfg = Debug|Any CPU
		{8EB80A84-F06A-442F-AF12-F7067F75CE87}.Debug|Any CPU.Build.0 = Debug|Any CPU
		{8EB80A84-F06A-442F-AF12-F7067F75CE87}.Release|Any CPU.ActiveCfg = Release|Any CPU
		{8EB80A84-F06A-442F-AF12-F7067F75CE87}.Release|Any CPU.Build.0 = Release|Any CPU
	EndGlobalSection
EndGlobal
