
Microsoft Visual Studio Solution File, Format Version 12.00
Project("{FAE04EC0-301F-11D3-BF4B-00C04F79EFBC}") = "STMS", "STMS.csproj", "{4A75EE01-4F63-4967-BD21-8364D47DCA21}"
EndProject
Global
	GlobalSection(SolutionConfigurationPlatforms) = preSolution
		Debug|Any CPU = Debug|Any CPU
		Release|Any CPU = Release|Any CPU
	EndGlobalSection
	GlobalSection(ProjectConfigurationPlatforms) = postSolution
		{4A75EE01-4F63-4967-BD21-8364D47DCA21}.Debug|Any CPU.ActiveCfg = Debug|Any CPU
		{4A75EE01-4F63-4967-BD21-8364D47DCA21}.Debug|Any CPU.Build.0 = Debug|Any CPU
		{4A75EE01-4F63-4967-BD21-8364D47DCA21}.Release|Any CPU.ActiveCfg = Release|Any CPU
		{4A75EE01-4F63-4967-BD21-8364D47DCA21}.Release|Any CPU.Build.0 = Release|Any CPU
	EndGlobalSection
EndGlobal
