
Microsoft Visual Studio Solution File, Format Version 12.00
Project("{FAE04EC0-301F-11D3-BF4B-00C04F79EFBC}") = "StringNumericCheck", "StringNumericCheck.csproj", "{A001BD0D-65DE-4693-ACC5-B842907B746C}"
EndProject
Global
	GlobalSection(SolutionConfigurationPlatforms) = preSolution
		Debug|Any CPU = Debug|Any CPU
		Release|Any CPU = Release|Any CPU
	EndGlobalSection
	GlobalSection(ProjectConfigurationPlatforms) = postSolution
		{A001BD0D-65DE-4693-ACC5-B842907B746C}.Debug|Any CPU.ActiveCfg = Debug|Any CPU
		{A001BD0D-65DE-4693-ACC5-B842907B746C}.Debug|Any CPU.Build.0 = Debug|Any CPU
		{A001BD0D-65DE-4693-ACC5-B842907B746C}.Release|Any CPU.ActiveCfg = Release|Any CPU
		{A001BD0D-65DE-4693-ACC5-B842907B746C}.Release|Any CPU.Build.0 = Release|Any CPU
	EndGlobalSection
EndGlobal
