
Microsoft Visual Studio Solution File, Format Version 12.00
Project("{FAE04EC0-301F-11D3-BF4B-00C04F79EFBC}") = "PalindromeDataStream", "PalindromeDataStream.csproj", "{2530CE91-B402-4655-890D-964EAB15B36F}"
EndProject
Global
	GlobalSection(SolutionConfigurationPlatforms) = preSolution
		Debug|Any CPU = Debug|Any CPU
		Release|Any CPU = Release|Any CPU
	EndGlobalSection
	GlobalSection(ProjectConfigurationPlatforms) = postSolution
		{2530CE91-B402-4655-890D-964EAB15B36F}.Debug|Any CPU.ActiveCfg = Debug|Any CPU
		{2530CE91-B402-4655-890D-964EAB15B36F}.Debug|Any CPU.Build.0 = Debug|Any CPU
		{2530CE91-B402-4655-890D-964EAB15B36F}.Release|Any CPU.ActiveCfg = Release|Any CPU
		{2530CE91-B402-4655-890D-964EAB15B36F}.Release|Any CPU.Build.0 = Release|Any CPU
	EndGlobalSection
EndGlobal
