
Microsoft Visual Studio Solution File, Format Version 12.00
Project("{FAE04EC0-301F-11D3-BF4B-00C04F79EFBC}") = "Pattern", "Pattern.csproj", "{4A5F20C5-D1E7-46A9-B129-BA92973D449B}"
EndProject
Global
	GlobalSection(SolutionConfigurationPlatforms) = preSolution
		Debug|Any CPU = Debug|Any CPU
		Release|Any CPU = Release|Any CPU
	EndGlobalSection
	GlobalSection(ProjectConfigurationPlatforms) = postSolution
		{4A5F20C5-D1E7-46A9-B129-BA92973D449B}.Debug|Any CPU.ActiveCfg = Debug|Any CPU
		{4A5F20C5-D1E7-46A9-B129-BA92973D449B}.Debug|Any CPU.Build.0 = Debug|Any CPU
		{4A5F20C5-D1E7-46A9-B129-BA92973D449B}.Release|Any CPU.ActiveCfg = Release|Any CPU
		{4A5F20C5-D1E7-46A9-B129-BA92973D449B}.Release|Any CPU.Build.0 = Release|Any CPU
	EndGlobalSection
EndGlobal
